// !$*UTF8*$!
{
	archiveVersion = 1;
	classes = {
	};
	objectVersion = 46;
	objects = {

/* Begin PBXBuildFile section */
		CCA933B9622A0EC4BE0811E1 /* Pods_iTravel.framework in Frameworks */ = {isa = PBXBuildFile; fileRef = 31185F6605C2551B1DC80090 /* Pods_iTravel.framework */; };
		CF99026C1E8705880073DD28 /* AppDelegate.swift in Sources */ = {isa = PBXBuildFile; fileRef = CF99026B1E8705880073DD28 /* AppDelegate.swift */; };
		CF99026E1E8705880073DD28 /* ViewController.swift in Sources */ = {isa = PBXBuildFile; fileRef = CF99026D1E8705880073DD28 /* ViewController.swift */; };
		CF9902711E8705880073DD28 /* Main.storyboard in Resources */ = {isa = PBXBuildFile; fileRef = CF99026F1E8705880073DD28 /* Main.storyboard */; };
		CF9902731E8705880073DD28 /* Assets.xcassets in Resources */ = {isa = PBXBuildFile; fileRef = CF9902721E8705880073DD28 /* Assets.xcassets */; };
		CF9902761E8705880073DD28 /* LaunchScreen.storyboard in Resources */ = {isa = PBXBuildFile; fileRef = CF9902741E8705880073DD28 /* LaunchScreen.storyboard */; };
		CF9902811E8705880073DD28 /* iTravelTests.swift in Sources */ = {isa = PBXBuildFile; fileRef = CF9902801E8705880073DD28 /* iTravelTests.swift */; };
		CF99028C1E8705880073DD28 /* iTravelUITests.swift in Sources */ = {isa = PBXBuildFile; fileRef = CF99028B1E8705880073DD28 /* iTravelUITests.swift */; };
		CF9902A01E9071530073DD28 /* SuggestionsViewController.swift in Sources */ = {isa = PBXBuildFile; fileRef = CF99029F1E9071530073DD28 /* SuggestionsViewController.swift */; };
		CF9902A31E90934A0073DD28 /* SuggestionTableViewCell.swift in Sources */ = {isa = PBXBuildFile; fileRef = CF9902A21E90934A0073DD28 /* SuggestionTableViewCell.swift */; };
		CFDD0DD01EB1C2ED004035E3 /* FoldingCell.swift in Sources */ = {isa = PBXBuildFile; fileRef = CFDD0DAC1EB1C2ED004035E3 /* FoldingCell.swift */; };
		CFDD0DD11EB1C2ED004035E3 /* OpenSans-Bold.ttf in Resources */ = {isa = PBXBuildFile; fileRef = CFDD0DAE1EB1C2ED004035E3 /* OpenSans-Bold.ttf */; };
		CFDD0DD21EB1C2ED004035E3 /* OpenSans-BoldItalic.ttf in Resources */ = {isa = PBXBuildFile; fileRef = CFDD0DAF1EB1C2ED004035E3 /* OpenSans-BoldItalic.ttf */; };
		CFDD0DD31EB1C2ED004035E3 /* OpenSans-ExtraBold.ttf in Resources */ = {isa = PBXBuildFile; fileRef = CFDD0DB01EB1C2ED004035E3 /* OpenSans-ExtraBold.ttf */; };
		CFDD0DD41EB1C2ED004035E3 /* OpenSans-ExtraBoldItalic.ttf in Resources */ = {isa = PBXBuildFile; fileRef = CFDD0DB11EB1C2ED004035E3 /* OpenSans-ExtraBoldItalic.ttf */; };
		CFDD0DD51EB1C2ED004035E3 /* OpenSans-Italic.ttf in Resources */ = {isa = PBXBuildFile; fileRef = CFDD0DB21EB1C2ED004035E3 /* OpenSans-Italic.ttf */; };
		CFDD0DD61EB1C2ED004035E3 /* OpenSans-Light.ttf in Resources */ = {isa = PBXBuildFile; fileRef = CFDD0DB31EB1C2ED004035E3 /* OpenSans-Light.ttf */; };
		CFDD0DD71EB1C2ED004035E3 /* OpenSans-LightItalic.ttf in Resources */ = {isa = PBXBuildFile; fileRef = CFDD0DB41EB1C2ED004035E3 /* OpenSans-LightItalic.ttf */; };
		CFDD0DD81EB1C2ED004035E3 /* OpenSans-Regular.ttf in Resources */ = {isa = PBXBuildFile; fileRef = CFDD0DB51EB1C2ED004035E3 /* OpenSans-Regular.ttf */; };
		CFDD0DD91EB1C2ED004035E3 /* OpenSans-Semibold.ttf in Resources */ = {isa = PBXBuildFile; fileRef = CFDD0DB61EB1C2ED004035E3 /* OpenSans-Semibold.ttf */; };
		CFDD0DDA1EB1C2ED004035E3 /* OpenSans-SemiboldItalic.ttf in Resources */ = {isa = PBXBuildFile; fileRef = CFDD0DB71EB1C2ED004035E3 /* OpenSans-SemiboldItalic.ttf */; };
		CFDD0DDB1EB1C2ED004035E3 /* MainTableViewController.swift in Sources */ = {isa = PBXBuildFile; fileRef = CFDD0DB91EB1C2ED004035E3 /* MainTableViewController.swift */; };
		CFDD0DDC1EB1C2ED004035E3 /* DemoCell.swift in Sources */ = {isa = PBXBuildFile; fileRef = CFDD0DBA1EB1C2ED004035E3 /* DemoCell.swift */; };
		CFDD0DE11EB1C2ED004035E3 /* Info.plist in Resources */ = {isa = PBXBuildFile; fileRef = CFDD0DC11EB1C2ED004035E3 /* Info.plist */; };
		CFDD0DE21EB1C2ED004035E3 /* Info.plist in Resources */ = {isa = PBXBuildFile; fileRef = CFDD0DC41EB1C2ED004035E3 /* Info.plist */; };
		CFDD0DE31EB1C2ED004035E3 /* FoldingCellTests.swift in Sources */ = {isa = PBXBuildFile; fileRef = CFDD0DC61EB1C2ED004035E3 /* FoldingCellTests.swift */; };
		CFDD0DE41EB1C2ED004035E3 /* Info.plist in Resources */ = {isa = PBXBuildFile; fileRef = CFDD0DC71EB1C2ED004035E3 /* Info.plist */; };
		CFDD0EAE1EB1D1D7004035E3 /* Podfile in Resources */ = {isa = PBXBuildFile; fileRef = CFDD0EAD1EB1D1D7004035E3 /* Podfile */; };
		D57A2D1B1EB07E1C00AB65EB /* AnimationBarButton.swift in Sources */ = {isa = PBXBuildFile; fileRef = D57A2CE31EB07E1C00AB65EB /* AnimationBarButton.swift */; };
		D57A2D1C1EB07E1C00AB65EB /* Rotatable.swift in Sources */ = {isa = PBXBuildFile; fileRef = D57A2CE41EB07E1C00AB65EB /* Rotatable.swift */; };
		D57A2D1D1EB07E1C00AB65EB /* CollectionViewHelper.swift in Sources */ = {isa = PBXBuildFile; fileRef = D57A2CE81EB07E1C00AB65EB /* CollectionViewHelper.swift */; };
		D57A2D1E1EB07E1C00AB65EB /* StoryboardHelper.swift in Sources */ = {isa = PBXBuildFile; fileRef = D57A2CEA1EB07E1C00AB65EB /* StoryboardHelper.swift */; };
		D57A2D1F1EB07E1C00AB65EB /* Images.swift in Sources */ = {isa = PBXBuildFile; fileRef = D57A2CED1EB07E1C00AB65EB /* Images.swift */; };
		D57A2D201EB07E1C00AB65EB /* BasePageCollectionCell.swift in Sources */ = {isa = PBXBuildFile; fileRef = D57A2CEF1EB07E1C00AB65EB /* BasePageCollectionCell.swift */; };
		D57A2D211EB07E1C00AB65EB /* PageCollectionLayout.swift in Sources */ = {isa = PBXBuildFile; fileRef = D57A2CF11EB07E1C00AB65EB /* PageCollectionLayout.swift */; };
		D57A2D221EB07E1C00AB65EB /* PageCollectionView.swift in Sources */ = {isa = PBXBuildFile; fileRef = D57A2CF31EB07E1C00AB65EB /* PageCollectionView.swift */; };
		D57A2D231EB07E1C00AB65EB /* ExpandingViewController.swift in Sources */ = {isa = PBXBuildFile; fileRef = D57A2CF51EB07E1C00AB65EB /* ExpandingViewController.swift */; };
		D57A2D241EB07E1C00AB65EB /* SubviewsForEach.swift in Sources */ = {isa = PBXBuildFile; fileRef = D57A2CF71EB07E1C00AB65EB /* SubviewsForEach.swift */; };
		D57A2D251EB07E1C00AB65EB /* ScreenShotHelper.swift in Sources */ = {isa = PBXBuildFile; fileRef = D57A2CF91EB07E1C00AB65EB /* ScreenShotHelper.swift */; };
		D57A2D261EB07E1C00AB65EB /* ConstraintsHelper.swift in Sources */ = {isa = PBXBuildFile; fileRef = D57A2CFB1EB07E1C00AB65EB /* ConstraintsHelper.swift */; };
		D57A2D271EB07E1C00AB65EB /* ConfigurationHelper.swift in Sources */ = {isa = PBXBuildFile; fileRef = D57A2CFD1EB07E1C00AB65EB /* ConfigurationHelper.swift */; };
		D57A2D281EB07E1C00AB65EB /* CornerAnimatable.swift in Sources */ = {isa = PBXBuildFile; fileRef = D57A2CFF1EB07E1C00AB65EB /* CornerAnimatable.swift */; };
		D57A2D291EB07E1C00AB65EB /* ExpandingTableViewController.swift in Sources */ = {isa = PBXBuildFile; fileRef = D57A2D031EB07E1C00AB65EB /* ExpandingTableViewController.swift */; };
		D57A2D2A1EB07E1C00AB65EB /* TransitionDriver.swift in Sources */ = {isa = PBXBuildFile; fileRef = D57A2D051EB07E1C00AB65EB /* TransitionDriver.swift */; };
		D57A2D2C1EB07E1C00AB65EB /* DemoCollectionViewCell.swift in Sources */ = {isa = PBXBuildFile; fileRef = D57A2D0A1EB07E1C00AB65EB /* DemoCollectionViewCell.swift */; };
		D57A2D2D1EB07E1C00AB65EB /* DemoCollectionViewCell.xib in Resources */ = {isa = PBXBuildFile; fileRef = D57A2D0B1EB07E1C00AB65EB /* DemoCollectionViewCell.xib */; };
		D57A2D2E1EB07E1C00AB65EB /* DemoViewController.swift in Sources */ = {isa = PBXBuildFile; fileRef = D57A2D0D1EB07E1C00AB65EB /* DemoViewController.swift */; };
		D57A2D311EB07E1C00AB65EB /* Assets.xcassets in Resources */ = {isa = PBXBuildFile; fileRef = D57A2D131EB07E1C00AB65EB /* Assets.xcassets */; };
		D57A2D341EB07E1C00AB65EB /* Info.plist in Resources */ = {isa = PBXBuildFile; fileRef = D57A2D191EB07E1C00AB65EB /* Info.plist */; };
/* End PBXBuildFile section */

/* Begin PBXContainerItemProxy section */
		CF99027D1E8705880073DD28 /* PBXContainerItemProxy */ = {
			isa = PBXContainerItemProxy;
			containerPortal = CF9902601E8705870073DD28 /* Project object */;
			proxyType = 1;
			remoteGlobalIDString = CF9902671E8705870073DD28;
			remoteInfo = iTravel;
		};
		CF9902881E8705880073DD28 /* PBXContainerItemProxy */ = {
			isa = PBXContainerItemProxy;
			containerPortal = CF9902601E8705870073DD28 /* Project object */;
			proxyType = 1;
			remoteGlobalIDString = CF9902671E8705870073DD28;
			remoteInfo = iTravel;
		};
/* End PBXContainerItemProxy section */

/* Begin PBXFileReference section */
		31185F6605C2551B1DC80090 /* Pods_iTravel.framework */ = {isa = PBXFileReference; explicitFileType = wrapper.framework; includeInIndex = 0; path = Pods_iTravel.framework; sourceTree = BUILT_PRODUCTS_DIR; };
		A397D7D798746E139B01A096 /* Pods-iTravel.debug.xcconfig */ = {isa = PBXFileReference; includeInIndex = 1; lastKnownFileType = text.xcconfig; name = "Pods-iTravel.debug.xcconfig"; path = "Pods/Target Support Files/Pods-iTravel/Pods-iTravel.debug.xcconfig"; sourceTree = "<group>"; };
		A579693BC8ED93E489DDD09F /* Pods-iTravel.release.xcconfig */ = {isa = PBXFileReference; includeInIndex = 1; lastKnownFileType = text.xcconfig; name = "Pods-iTravel.release.xcconfig"; path = "Pods/Target Support Files/Pods-iTravel/Pods-iTravel.release.xcconfig"; sourceTree = "<group>"; };
		CF9902681E8705880073DD28 /* iTravel.app */ = {isa = PBXFileReference; explicitFileType = wrapper.application; includeInIndex = 0; path = iTravel.app; sourceTree = BUILT_PRODUCTS_DIR; };
		CF99026B1E8705880073DD28 /* AppDelegate.swift */ = {isa = PBXFileReference; lastKnownFileType = sourcecode.swift; path = AppDelegate.swift; sourceTree = "<group>"; };
		CF99026D1E8705880073DD28 /* ViewController.swift */ = {isa = PBXFileReference; lastKnownFileType = sourcecode.swift; name = ViewController.swift; path = iTravel/ViewController.swift; sourceTree = "<group>"; };
		CF9902701E8705880073DD28 /* Base */ = {isa = PBXFileReference; lastKnownFileType = file.storyboard; name = Base; path = Base.lproj/Main.storyboard; sourceTree = "<group>"; };
		CF9902721E8705880073DD28 /* Assets.xcassets */ = {isa = PBXFileReference; lastKnownFileType = folder.assetcatalog; path = Assets.xcassets; sourceTree = "<group>"; };
		CF9902751E8705880073DD28 /* Base */ = {isa = PBXFileReference; lastKnownFileType = file.storyboard; name = Base; path = Base.lproj/LaunchScreen.storyboard; sourceTree = "<group>"; };
		CF9902771E8705880073DD28 /* Info.plist */ = {isa = PBXFileReference; lastKnownFileType = text.plist.xml; path = Info.plist; sourceTree = "<group>"; };
		CF99027C1E8705880073DD28 /* iTravelTests.xctest */ = {isa = PBXFileReference; explicitFileType = wrapper.cfbundle; includeInIndex = 0; path = iTravelTests.xctest; sourceTree = BUILT_PRODUCTS_DIR; };
		CF9902801E8705880073DD28 /* iTravelTests.swift */ = {isa = PBXFileReference; lastKnownFileType = sourcecode.swift; path = iTravelTests.swift; sourceTree = "<group>"; };
		CF9902821E8705880073DD28 /* Info.plist */ = {isa = PBXFileReference; lastKnownFileType = text.plist.xml; path = Info.plist; sourceTree = "<group>"; };
		CF9902871E8705880073DD28 /* iTravelUITests.xctest */ = {isa = PBXFileReference; explicitFileType = wrapper.cfbundle; includeInIndex = 0; path = iTravelUITests.xctest; sourceTree = BUILT_PRODUCTS_DIR; };
		CF99028B1E8705880073DD28 /* iTravelUITests.swift */ = {isa = PBXFileReference; lastKnownFileType = sourcecode.swift; path = iTravelUITests.swift; sourceTree = "<group>"; };
		CF99028D1E8705880073DD28 /* Info.plist */ = {isa = PBXFileReference; lastKnownFileType = text.plist.xml; path = Info.plist; sourceTree = "<group>"; };
		CF99029F1E9071530073DD28 /* SuggestionsViewController.swift */ = {isa = PBXFileReference; fileEncoding = 4; lastKnownFileType = sourcecode.swift; name = SuggestionsViewController.swift; path = iTravel/SuggestionsViewController.swift; sourceTree = "<group>"; };
		CF9902A21E90934A0073DD28 /* SuggestionTableViewCell.swift */ = {isa = PBXFileReference; fileEncoding = 4; lastKnownFileType = sourcecode.swift; name = SuggestionTableViewCell.swift; path = ../SuggestionTableViewCell.swift; sourceTree = "<group>"; };
		CFDD0DAC1EB1C2ED004035E3 /* FoldingCell.swift */ = {isa = PBXFileReference; fileEncoding = 4; lastKnownFileType = sourcecode.swift; path = FoldingCell.swift; sourceTree = "<group>"; };
		CFDD0DAE1EB1C2ED004035E3 /* OpenSans-Bold.ttf */ = {isa = PBXFileReference; lastKnownFileType = file; path = "OpenSans-Bold.ttf"; sourceTree = "<group>"; };
		CFDD0DAF1EB1C2ED004035E3 /* OpenSans-BoldItalic.ttf */ = {isa = PBXFileReference; lastKnownFileType = file; path = "OpenSans-BoldItalic.ttf"; sourceTree = "<group>"; };
		CFDD0DB01EB1C2ED004035E3 /* OpenSans-ExtraBold.ttf */ = {isa = PBXFileReference; lastKnownFileType = file; path = "OpenSans-ExtraBold.ttf"; sourceTree = "<group>"; };
		CFDD0DB11EB1C2ED004035E3 /* OpenSans-ExtraBoldItalic.ttf */ = {isa = PBXFileReference; lastKnownFileType = file; path = "OpenSans-ExtraBoldItalic.ttf"; sourceTree = "<group>"; };
		CFDD0DB21EB1C2ED004035E3 /* OpenSans-Italic.ttf */ = {isa = PBXFileReference; lastKnownFileType = file; path = "OpenSans-Italic.ttf"; sourceTree = "<group>"; };
		CFDD0DB31EB1C2ED004035E3 /* OpenSans-Light.ttf */ = {isa = PBXFileReference; lastKnownFileType = file; path = "OpenSans-Light.ttf"; sourceTree = "<group>"; };
		CFDD0DB41EB1C2ED004035E3 /* OpenSans-LightItalic.ttf */ = {isa = PBXFileReference; lastKnownFileType = file; path = "OpenSans-LightItalic.ttf"; sourceTree = "<group>"; };
		CFDD0DB51EB1C2ED004035E3 /* OpenSans-Regular.ttf */ = {isa = PBXFileReference; lastKnownFileType = file; path = "OpenSans-Regular.ttf"; sourceTree = "<group>"; };
		CFDD0DB61EB1C2ED004035E3 /* OpenSans-Semibold.ttf */ = {isa = PBXFileReference; lastKnownFileType = file; path = "OpenSans-Semibold.ttf"; sourceTree = "<group>"; };
		CFDD0DB71EB1C2ED004035E3 /* OpenSans-SemiboldItalic.ttf */ = {isa = PBXFileReference; lastKnownFileType = file; path = "OpenSans-SemiboldItalic.ttf"; sourceTree = "<group>"; };
		CFDD0DB91EB1C2ED004035E3 /* MainTableViewController.swift */ = {isa = PBXFileReference; fileEncoding = 4; lastKnownFileType = sourcecode.swift; name = MainTableViewController.swift; path = "../folding-cell/FoldingCell/FoldingCell/MainTableViewController.swift"; sourceTree = "<group>"; };
		CFDD0DBA1EB1C2ED004035E3 /* DemoCell.swift */ = {isa = PBXFileReference; fileEncoding = 4; lastKnownFileType = sourcecode.swift; path = DemoCell.swift; sourceTree = "<group>"; };
		CFDD0DC11EB1C2ED004035E3 /* Info.plist */ = {isa = PBXFileReference; fileEncoding = 4; lastKnownFileType = text.plist.xml; path = Info.plist; sourceTree = "<group>"; };
		CFDD0DC31EB1C2ED004035E3 /* FoldingCellFramework.h */ = {isa = PBXFileReference; fileEncoding = 4; lastKnownFileType = sourcecode.c.h; path = FoldingCellFramework.h; sourceTree = "<group>"; };
		CFDD0DC41EB1C2ED004035E3 /* Info.plist */ = {isa = PBXFileReference; fileEncoding = 4; lastKnownFileType = text.plist.xml; path = Info.plist; sourceTree = "<group>"; };
		CFDD0DC61EB1C2ED004035E3 /* FoldingCellTests.swift */ = {isa = PBXFileReference; fileEncoding = 4; lastKnownFileType = sourcecode.swift; path = FoldingCellTests.swift; sourceTree = "<group>"; };
		CFDD0DC71EB1C2ED004035E3 /* Info.plist */ = {isa = PBXFileReference; fileEncoding = 4; lastKnownFileType = text.plist.xml; path = Info.plist; sourceTree = "<group>"; };
		CFDD0DC91EB1C2ED004035E3 /* FoldingCell.h */ = {isa = PBXFileReference; fileEncoding = 4; lastKnownFileType = sourcecode.c.h; path = FoldingCell.h; sourceTree = "<group>"; };
		CFDD0EAD1EB1D1D7004035E3 /* Podfile */ = {isa = PBXFileReference; explicitFileType = text.script.ruby; fileEncoding = 4; path = Podfile; sourceTree = "<group>"; };
		D57A2CE31EB07E1C00AB65EB /* AnimationBarButton.swift */ = {isa = PBXFileReference; fileEncoding = 4; lastKnownFileType = sourcecode.swift; path = AnimationBarButton.swift; sourceTree = "<group>"; };
		D57A2CE41EB07E1C00AB65EB /* Rotatable.swift */ = {isa = PBXFileReference; fileEncoding = 4; lastKnownFileType = sourcecode.swift; path = Rotatable.swift; sourceTree = "<group>"; };
		D57A2CE81EB07E1C00AB65EB /* CollectionViewHelper.swift */ = {isa = PBXFileReference; fileEncoding = 4; lastKnownFileType = sourcecode.swift; path = CollectionViewHelper.swift; sourceTree = "<group>"; };
		D57A2CEA1EB07E1C00AB65EB /* StoryboardHelper.swift */ = {isa = PBXFileReference; fileEncoding = 4; lastKnownFileType = sourcecode.swift; path = StoryboardHelper.swift; sourceTree = "<group>"; };
		D57A2CED1EB07E1C00AB65EB /* Images.swift */ = {isa = PBXFileReference; fileEncoding = 4; lastKnownFileType = sourcecode.swift; path = Images.swift; sourceTree = "<group>"; };
		D57A2CEF1EB07E1C00AB65EB /* BasePageCollectionCell.swift */ = {isa = PBXFileReference; fileEncoding = 4; lastKnownFileType = sourcecode.swift; path = BasePageCollectionCell.swift; sourceTree = "<group>"; };
		D57A2CF11EB07E1C00AB65EB /* PageCollectionLayout.swift */ = {isa = PBXFileReference; fileEncoding = 4; lastKnownFileType = sourcecode.swift; path = PageCollectionLayout.swift; sourceTree = "<group>"; };
		D57A2CF31EB07E1C00AB65EB /* PageCollectionView.swift */ = {isa = PBXFileReference; fileEncoding = 4; lastKnownFileType = sourcecode.swift; path = PageCollectionView.swift; sourceTree = "<group>"; };
		D57A2CF51EB07E1C00AB65EB /* ExpandingViewController.swift */ = {isa = PBXFileReference; fileEncoding = 4; lastKnownFileType = sourcecode.swift; path = ExpandingViewController.swift; sourceTree = "<group>"; };
		D57A2CF71EB07E1C00AB65EB /* SubviewsForEach.swift */ = {isa = PBXFileReference; fileEncoding = 4; lastKnownFileType = sourcecode.swift; path = SubviewsForEach.swift; sourceTree = "<group>"; };
		D57A2CF91EB07E1C00AB65EB /* ScreenShotHelper.swift */ = {isa = PBXFileReference; fileEncoding = 4; lastKnownFileType = sourcecode.swift; path = ScreenShotHelper.swift; sourceTree = "<group>"; };
		D57A2CFB1EB07E1C00AB65EB /* ConstraintsHelper.swift */ = {isa = PBXFileReference; fileEncoding = 4; lastKnownFileType = sourcecode.swift; path = ConstraintsHelper.swift; sourceTree = "<group>"; };
		D57A2CFD1EB07E1C00AB65EB /* ConfigurationHelper.swift */ = {isa = PBXFileReference; fileEncoding = 4; lastKnownFileType = sourcecode.swift; path = ConfigurationHelper.swift; sourceTree = "<group>"; };
		D57A2CFF1EB07E1C00AB65EB /* CornerAnimatable.swift */ = {isa = PBXFileReference; fileEncoding = 4; lastKnownFileType = sourcecode.swift; path = CornerAnimatable.swift; sourceTree = "<group>"; };
		D57A2D031EB07E1C00AB65EB /* ExpandingTableViewController.swift */ = {isa = PBXFileReference; fileEncoding = 4; lastKnownFileType = sourcecode.swift; path = ExpandingTableViewController.swift; sourceTree = "<group>"; };
		D57A2D051EB07E1C00AB65EB /* TransitionDriver.swift */ = {isa = PBXFileReference; fileEncoding = 4; lastKnownFileType = sourcecode.swift; path = TransitionDriver.swift; sourceTree = "<group>"; };
		D57A2D0A1EB07E1C00AB65EB /* DemoCollectionViewCell.swift */ = {isa = PBXFileReference; fileEncoding = 4; lastKnownFileType = sourcecode.swift; path = DemoCollectionViewCell.swift; sourceTree = "<group>"; };
		D57A2D0B1EB07E1C00AB65EB /* DemoCollectionViewCell.xib */ = {isa = PBXFileReference; fileEncoding = 4; lastKnownFileType = file.xib; path = DemoCollectionViewCell.xib; sourceTree = "<group>"; };
		D57A2D0D1EB07E1C00AB65EB /* DemoViewController.swift */ = {isa = PBXFileReference; fileEncoding = 4; lastKnownFileType = sourcecode.swift; path = DemoViewController.swift; sourceTree = "<group>"; };
		D57A2D131EB07E1C00AB65EB /* Assets.xcassets */ = {isa = PBXFileReference; lastKnownFileType = folder.assetcatalog; path = Assets.xcassets; sourceTree = "<group>"; };
		D57A2D181EB07E1C00AB65EB /* ExpandingCollection.h */ = {isa = PBXFileReference; fileEncoding = 4; lastKnownFileType = sourcecode.c.h; path = ExpandingCollection.h; sourceTree = "<group>"; };
		D57A2D191EB07E1C00AB65EB /* Info.plist */ = {isa = PBXFileReference; fileEncoding = 4; lastKnownFileType = text.plist.xml; path = Info.plist; sourceTree = "<group>"; };
/* End PBXFileReference section */

/* Begin PBXFrameworksBuildPhase section */
		CF9902651E8705870073DD28 /* Frameworks */ = {
			isa = PBXFrameworksBuildPhase;
			buildActionMask = 2147483647;
			files = (
				CCA933B9622A0EC4BE0811E1 /* Pods_iTravel.framework in Frameworks */,
			);
			runOnlyForDeploymentPostprocessing = 0;
		};
		CF9902791E8705880073DD28 /* Frameworks */ = {
			isa = PBXFrameworksBuildPhase;
			buildActionMask = 2147483647;
			files = (
			);
			runOnlyForDeploymentPostprocessing = 0;
		};
		CF9902841E8705880073DD28 /* Frameworks */ = {
			isa = PBXFrameworksBuildPhase;
			buildActionMask = 2147483647;
			files = (
			);
			runOnlyForDeploymentPostprocessing = 0;
		};
/* End PBXFrameworksBuildPhase section */

/* Begin PBXGroup section */
		1804616E9C84093F7985B3B6 /* Frameworks */ = {
			isa = PBXGroup;
			children = (
				31185F6605C2551B1DC80090 /* Pods_iTravel.framework */,
			);
			name = Frameworks;
			sourceTree = "<group>";
		};
		CF99025F1E8705870073DD28 = {
			isa = PBXGroup;
			children = (
				CFDD0EAD1EB1D1D7004035E3 /* Podfile */,
				CFDD0DC21EB1C2ED004035E3 /* FoldingCell */,
				CFDD0DC51EB1C2ED004035E3 /* FoldingCellFramework */,
				CFDD0DC81EB1C2ED004035E3 /* FoldingCellTests */,
				CFDD0DCB1EB1C2ED004035E3 /* FoldingCell */,
				D57A2D171EB07E1C00AB65EB /* DemoExpandingCollection */,
				D57A2D1A1EB07E1C00AB65EB /* ExpandingCollection */,
				CF9902A11E9076B60073DD28 /* View Controllers */,
				CF99026A1E8705880073DD28 /* iTravel */,
				CF99027F1E8705880073DD28 /* iTravelTests */,
				CF99028A1E8705880073DD28 /* iTravelUITests */,
				CF9902691E8705880073DD28 /* Products */,
				E9BAC70D70B720067EBBB995 /* Pods */,
				1804616E9C84093F7985B3B6 /* Frameworks */,
			);
			sourceTree = "<group>";
		};
		CF9902691E8705880073DD28 /* Products */ = {
			isa = PBXGroup;
			children = (
				CF9902681E8705880073DD28 /* iTravel.app */,
				CF99027C1E8705880073DD28 /* iTravelTests.xctest */,
				CF9902871E8705880073DD28 /* iTravelUITests.xctest */,
			);
			name = Products;
			sourceTree = "<group>";
		};
		CF99026A1E8705880073DD28 /* iTravel */ = {
			isa = PBXGroup;
			children = (
				CF9902A21E90934A0073DD28 /* SuggestionTableViewCell.swift */,
				CF99026B1E8705880073DD28 /* AppDelegate.swift */,
				CF99026F1E8705880073DD28 /* Main.storyboard */,
				CF9902721E8705880073DD28 /* Assets.xcassets */,
				CF9902741E8705880073DD28 /* LaunchScreen.storyboard */,
				CF9902771E8705880073DD28 /* Info.plist */,
			);
			path = iTravel;
			sourceTree = "<group>";
		};
		CF99027F1E8705880073DD28 /* iTravelTests */ = {
			isa = PBXGroup;
			children = (
				CF9902801E8705880073DD28 /* iTravelTests.swift */,
				CF9902821E8705880073DD28 /* Info.plist */,
			);
			path = iTravelTests;
			sourceTree = "<group>";
		};
		CF99028A1E8705880073DD28 /* iTravelUITests */ = {
			isa = PBXGroup;
			children = (
				CF99028B1E8705880073DD28 /* iTravelUITests.swift */,
				CF99028D1E8705880073DD28 /* Info.plist */,
			);
			path = iTravelUITests;
			sourceTree = "<group>";
		};
		CF9902A11E9076B60073DD28 /* View Controllers */ = {
			isa = PBXGroup;
			children = (
				CFDD0DB91EB1C2ED004035E3 /* MainTableViewController.swift */,
				CF99026D1E8705880073DD28 /* ViewController.swift */,
				CF99029F1E9071530073DD28 /* SuggestionsViewController.swift */,
			);
			name = "View Controllers";
			sourceTree = "<group>";
		};
		CFDD0DAD1EB1C2ED004035E3 /* FoldingCell */ = {
			isa = PBXGroup;
			children = (
				CFDD0DAC1EB1C2ED004035E3 /* FoldingCell.swift */,
			);
			path = FoldingCell;
			sourceTree = "<group>";
		};
		CFDD0DB81EB1C2ED004035E3 /* Fonts */ = {
			isa = PBXGroup;
			children = (
				CFDD0DAE1EB1C2ED004035E3 /* OpenSans-Bold.ttf */,
				CFDD0DAF1EB1C2ED004035E3 /* OpenSans-BoldItalic.ttf */,
				CFDD0DB01EB1C2ED004035E3 /* OpenSans-ExtraBold.ttf */,
				CFDD0DB11EB1C2ED004035E3 /* OpenSans-ExtraBoldItalic.ttf */,
				CFDD0DB21EB1C2ED004035E3 /* OpenSans-Italic.ttf */,
				CFDD0DB31EB1C2ED004035E3 /* OpenSans-Light.ttf */,
				CFDD0DB41EB1C2ED004035E3 /* OpenSans-LightItalic.ttf */,
				CFDD0DB51EB1C2ED004035E3 /* OpenSans-Regular.ttf */,
				CFDD0DB61EB1C2ED004035E3 /* OpenSans-Semibold.ttf */,
				CFDD0DB71EB1C2ED004035E3 /* OpenSans-SemiboldItalic.ttf */,
			);
			path = Fonts;
			sourceTree = "<group>";
		};
		CFDD0DC21EB1C2ED004035E3 /* FoldingCell */ = {
			isa = PBXGroup;
			children = (
				CFDD0DAD1EB1C2ED004035E3 /* FoldingCell */,
				CFDD0DB81EB1C2ED004035E3 /* Fonts */,
				CFDD0DBA1EB1C2ED004035E3 /* DemoCell.swift */,
				CFDD0DC11EB1C2ED004035E3 /* Info.plist */,
			);
			name = FoldingCell;
			path = "../folding-cell/FoldingCell/FoldingCell";
			sourceTree = "<group>";
		};
		CFDD0DC51EB1C2ED004035E3 /* FoldingCellFramework */ = {
			isa = PBXGroup;
			children = (
				CFDD0DC31EB1C2ED004035E3 /* FoldingCellFramework.h */,
				CFDD0DC41EB1C2ED004035E3 /* Info.plist */,
			);
			name = FoldingCellFramework;
			path = "../folding-cell/FoldingCell/FoldingCellFramework";
			sourceTree = "<group>";
		};
		CFDD0DC81EB1C2ED004035E3 /* FoldingCellTests */ = {
			isa = PBXGroup;
			children = (
				CFDD0DC61EB1C2ED004035E3 /* FoldingCellTests.swift */,
				CFDD0DC71EB1C2ED004035E3 /* Info.plist */,
			);
			name = FoldingCellTests;
			path = "../folding-cell/FoldingCell/FoldingCellTests";
			sourceTree = "<group>";
		};
		CFDD0DCB1EB1C2ED004035E3 /* FoldingCell */ = {
			isa = PBXGroup;
			children = (
				CFDD0DC91EB1C2ED004035E3 /* FoldingCell.h */,
			);
			name = FoldingCell;
			path = "../folding-cell/FoldingCell/FoldingCell";
			sourceTree = "<group>";
		};
		D57A2CE51EB07E1C00AB65EB /* Animations */ = {
			isa = PBXGroup;
			children = (
				D57A2CE41EB07E1C00AB65EB /* Rotatable.swift */,
			);
			path = Animations;
			sourceTree = "<group>";
		};
		D57A2CE61EB07E1C00AB65EB /* AnimatingBarButton */ = {
			isa = PBXGroup;
			children = (
				D57A2CE31EB07E1C00AB65EB /* AnimationBarButton.swift */,
				D57A2CE51EB07E1C00AB65EB /* Animations */,
			);
			path = AnimatingBarButton;
			sourceTree = "<group>";
		};
		D57A2CE71EB07E1C00AB65EB /* Views */ = {
			isa = PBXGroup;
			children = (
				D57A2CE61EB07E1C00AB65EB /* AnimatingBarButton */,
			);
			path = Views;
			sourceTree = "<group>";
		};
		D57A2CE91EB07E1C00AB65EB /* CollectionViewHelper */ = {
			isa = PBXGroup;
			children = (
				D57A2CE81EB07E1C00AB65EB /* CollectionViewHelper.swift */,
			);
			path = CollectionViewHelper;
			sourceTree = "<group>";
		};
		D57A2CEB1EB07E1C00AB65EB /* StoryboardHelper */ = {
			isa = PBXGroup;
			children = (
				D57A2CEA1EB07E1C00AB65EB /* StoryboardHelper.swift */,
			);
			path = StoryboardHelper;
			sourceTree = "<group>";
		};
		D57A2CEC1EB07E1C00AB65EB /* Helpers */ = {
			isa = PBXGroup;
			children = (
				D57A2CE91EB07E1C00AB65EB /* CollectionViewHelper */,
				D57A2CEB1EB07E1C00AB65EB /* StoryboardHelper */,
			);
			path = Helpers;
			sourceTree = "<group>";
		};
		D57A2CEE1EB07E1C00AB65EB /* Constants */ = {
			isa = PBXGroup;
			children = (
				D57A2CED1EB07E1C00AB65EB /* Images.swift */,
			);
			path = Constants;
			sourceTree = "<group>";
		};
		D57A2CF01EB07E1C00AB65EB /* Cells */ = {
			isa = PBXGroup;
			children = (
				D57A2CEF1EB07E1C00AB65EB /* BasePageCollectionCell.swift */,
			);
			path = Cells;
			sourceTree = "<group>";
		};
		D57A2CF21EB07E1C00AB65EB /* Layout */ = {
			isa = PBXGroup;
			children = (
				D57A2CF11EB07E1C00AB65EB /* PageCollectionLayout.swift */,
			);
			path = Layout;
			sourceTree = "<group>";
		};
		D57A2CF41EB07E1C00AB65EB /* CollectionView */ = {
			isa = PBXGroup;
			children = (
				D57A2CF01EB07E1C00AB65EB /* Cells */,
				D57A2CF21EB07E1C00AB65EB /* Layout */,
				D57A2CF31EB07E1C00AB65EB /* PageCollectionView.swift */,
			);
			path = CollectionView;
			sourceTree = "<group>";
		};
		D57A2CF61EB07E1C00AB65EB /* ExpandingViewController */ = {
			isa = PBXGroup;
			children = (
				D57A2CF41EB07E1C00AB65EB /* CollectionView */,
				D57A2CF51EB07E1C00AB65EB /* ExpandingViewController.swift */,
			);
			path = ExpandingViewController;
			sourceTree = "<group>";
		};
		D57A2CF81EB07E1C00AB65EB /* SubviewsForEach */ = {
			isa = PBXGroup;
			children = (
				D57A2CF71EB07E1C00AB65EB /* SubviewsForEach.swift */,
			);
			path = SubviewsForEach;
			sourceTree = "<group>";
		};
		D57A2CFA1EB07E1C00AB65EB /* ScreenShot */ = {
			isa = PBXGroup;
			children = (
				D57A2CF91EB07E1C00AB65EB /* ScreenShotHelper.swift */,
			);
			path = ScreenShot;
			sourceTree = "<group>";
		};
		D57A2CFC1EB07E1C00AB65EB /* Constraints Helpers */ = {
			isa = PBXGroup;
			children = (
				D57A2CFB1EB07E1C00AB65EB /* ConstraintsHelper.swift */,
			);
			path = "Constraints Helpers";
			sourceTree = "<group>";
		};
		D57A2CFE1EB07E1C00AB65EB /* ConfigurationHelper */ = {
			isa = PBXGroup;
			children = (
				D57A2CFD1EB07E1C00AB65EB /* ConfigurationHelper.swift */,
			);
			path = ConfigurationHelper;
			sourceTree = "<group>";
		};
		D57A2D001EB07E1C00AB65EB /* CornerAnimatable */ = {
			isa = PBXGroup;
			children = (
				D57A2CFF1EB07E1C00AB65EB /* CornerAnimatable.swift */,
			);
			path = CornerAnimatable;
			sourceTree = "<group>";
		};
		D57A2D011EB07E1C00AB65EB /* Animations */ = {
			isa = PBXGroup;
			children = (
				D57A2D001EB07E1C00AB65EB /* CornerAnimatable */,
			);
			path = Animations;
			sourceTree = "<group>";
		};
		D57A2D021EB07E1C00AB65EB /* Helpers */ = {
			isa = PBXGroup;
			children = (
				D57A2CF81EB07E1C00AB65EB /* SubviewsForEach */,
				D57A2CFA1EB07E1C00AB65EB /* ScreenShot */,
				D57A2CFC1EB07E1C00AB65EB /* Constraints Helpers */,
				D57A2CFE1EB07E1C00AB65EB /* ConfigurationHelper */,
				D57A2D011EB07E1C00AB65EB /* Animations */,
			);
			path = Helpers;
			sourceTree = "<group>";
		};
		D57A2D041EB07E1C00AB65EB /* ExpandingTableViewController */ = {
			isa = PBXGroup;
			children = (
				D57A2D031EB07E1C00AB65EB /* ExpandingTableViewController.swift */,
			);
			path = ExpandingTableViewController;
			sourceTree = "<group>";
		};
		D57A2D061EB07E1C00AB65EB /* TransitionDriver */ = {
			isa = PBXGroup;
			children = (
				D57A2D051EB07E1C00AB65EB /* TransitionDriver.swift */,
			);
			path = TransitionDriver;
			sourceTree = "<group>";
		};
		D57A2D071EB07E1C00AB65EB /* Source */ = {
			isa = PBXGroup;
			children = (
				D57A2CF61EB07E1C00AB65EB /* ExpandingViewController */,
				D57A2D021EB07E1C00AB65EB /* Helpers */,
				D57A2D041EB07E1C00AB65EB /* ExpandingTableViewController */,
				D57A2D061EB07E1C00AB65EB /* TransitionDriver */,
			);
			name = Source;
			path = ../../Source;
			sourceTree = "<group>";
		};
		D57A2D0C1EB07E1C00AB65EB /* Cells */ = {
			isa = PBXGroup;
			children = (
				D57A2D0A1EB07E1C00AB65EB /* DemoCollectionViewCell.swift */,
				D57A2D0B1EB07E1C00AB65EB /* DemoCollectionViewCell.xib */,
			);
			path = Cells;
			sourceTree = "<group>";
		};
		D57A2D0E1EB07E1C00AB65EB /* DemoViewController */ = {
			isa = PBXGroup;
			children = (
				D57A2D0C1EB07E1C00AB65EB /* Cells */,
				D57A2D0D1EB07E1C00AB65EB /* DemoViewController.swift */,
			);
			path = DemoViewController;
			sourceTree = "<group>";
		};
		D57A2D0F1EB07E1C00AB65EB /* ViewControllers */ = {
			isa = PBXGroup;
			children = (
				D57A2D0E1EB07E1C00AB65EB /* DemoViewController */,
			);
			path = ViewControllers;
			sourceTree = "<group>";
		};
		D57A2D171EB07E1C00AB65EB /* DemoExpandingCollection */ = {
			isa = PBXGroup;
			children = (
				D57A2CE71EB07E1C00AB65EB /* Views */,
				D57A2CEC1EB07E1C00AB65EB /* Helpers */,
				D57A2CEE1EB07E1C00AB65EB /* Constants */,
				D57A2D071EB07E1C00AB65EB /* Source */,
				D57A2D0F1EB07E1C00AB65EB /* ViewControllers */,
				D57A2D131EB07E1C00AB65EB /* Assets.xcassets */,
			);
			name = DemoExpandingCollection;
			path = "../expanding-collection/DemoExpandingCollection/DemoExpandingCollection";
			sourceTree = "<group>";
		};
		D57A2D1A1EB07E1C00AB65EB /* ExpandingCollection */ = {
			isa = PBXGroup;
			children = (
				D57A2D181EB07E1C00AB65EB /* ExpandingCollection.h */,
				D57A2D191EB07E1C00AB65EB /* Info.plist */,
			);
			name = ExpandingCollection;
			path = "../expanding-collection/DemoExpandingCollection/ExpandingCollection";
			sourceTree = "<group>";
		};
		E9BAC70D70B720067EBBB995 /* Pods */ = {
			isa = PBXGroup;
			children = (
				A397D7D798746E139B01A096 /* Pods-iTravel.debug.xcconfig */,
				A579693BC8ED93E489DDD09F /* Pods-iTravel.release.xcconfig */,
			);
			name = Pods;
			sourceTree = "<group>";
		};
/* End PBXGroup section */

/* Begin PBXNativeTarget section */
		CF9902671E8705870073DD28 /* iTravel */ = {
			isa = PBXNativeTarget;
			buildConfigurationList = CF9902901E8705880073DD28 /* Build configuration list for PBXNativeTarget "iTravel" */;
			buildPhases = (
				7129216CBF5CEAD1044FD945 /* [CP] Check Pods Manifest.lock */,
				CF9902641E8705870073DD28 /* Sources */,
				CF9902651E8705870073DD28 /* Frameworks */,
				CF9902661E8705870073DD28 /* Resources */,
				EDABB436A2B5F148709B2A2F /* [CP] Embed Pods Frameworks */,
				AB3CCAED68A0D641597D86C7 /* [CP] Copy Pods Resources */,
			);
			buildRules = (
			);
			dependencies = (
			);
			name = iTravel;
			productName = iTravel;
			productReference = CF9902681E8705880073DD28 /* iTravel.app */;
			productType = "com.apple.product-type.application";
		};
		CF99027B1E8705880073DD28 /* iTravelTests */ = {
			isa = PBXNativeTarget;
			buildConfigurationList = CF9902931E8705880073DD28 /* Build configuration list for PBXNativeTarget "iTravelTests" */;
			buildPhases = (
				CF9902781E8705880073DD28 /* Sources */,
				CF9902791E8705880073DD28 /* Frameworks */,
				CF99027A1E8705880073DD28 /* Resources */,
			);
			buildRules = (
			);
			dependencies = (
				CF99027E1E8705880073DD28 /* PBXTargetDependency */,
			);
			name = iTravelTests;
			productName = iTravelTests;
			productReference = CF99027C1E8705880073DD28 /* iTravelTests.xctest */;
			productType = "com.apple.product-type.bundle.unit-test";
		};
		CF9902861E8705880073DD28 /* iTravelUITests */ = {
			isa = PBXNativeTarget;
			buildConfigurationList = CF9902961E8705880073DD28 /* Build configuration list for PBXNativeTarget "iTravelUITests" */;
			buildPhases = (
				CF9902831E8705880073DD28 /* Sources */,
				CF9902841E8705880073DD28 /* Frameworks */,
				CF9902851E8705880073DD28 /* Resources */,
			);
			buildRules = (
			);
			dependencies = (
				CF9902891E8705880073DD28 /* PBXTargetDependency */,
			);
			name = iTravelUITests;
			productName = iTravelUITests;
			productReference = CF9902871E8705880073DD28 /* iTravelUITests.xctest */;
			productType = "com.apple.product-type.bundle.ui-testing";
		};
/* End PBXNativeTarget section */

/* Begin PBXProject section */
		CF9902601E8705870073DD28 /* Project object */ = {
			isa = PBXProject;
			attributes = {
				LastSwiftUpdateCheck = 0820;
				LastUpgradeCheck = 0820;
				ORGANIZATIONNAME = "Aakash Bhalothia";
				TargetAttributes = {
					CF9902671E8705870073DD28 = {
						CreatedOnToolsVersion = 8.2.1;
						DevelopmentTeam = SVM4U327PW;
						ProvisioningStyle = Automatic;
					};
					CF99027B1E8705880073DD28 = {
						CreatedOnToolsVersion = 8.2.1;
						ProvisioningStyle = Automatic;
						TestTargetID = CF9902671E8705870073DD28;
					};
					CF9902861E8705880073DD28 = {
						CreatedOnToolsVersion = 8.2.1;
						ProvisioningStyle = Automatic;
						TestTargetID = CF9902671E8705870073DD28;
					};
				};
			};
			buildConfigurationList = CF9902631E8705870073DD28 /* Build configuration list for PBXProject "iTravel" */;
			compatibilityVersion = "Xcode 3.2";
			developmentRegion = English;
			hasScannedForEncodings = 0;
			knownRegions = (
				en,
				Base,
			);
			mainGroup = CF99025F1E8705870073DD28;
			productRefGroup = CF9902691E8705880073DD28 /* Products */;
			projectDirPath = "";
			projectRoot = "";
			targets = (
				CF9902671E8705870073DD28 /* iTravel */,
				CF99027B1E8705880073DD28 /* iTravelTests */,
				CF9902861E8705880073DD28 /* iTravelUITests */,
			);
		};
/* End PBXProject section */

/* Begin PBXResourcesBuildPhase section */
		CF9902661E8705870073DD28 /* Resources */ = {
			isa = PBXResourcesBuildPhase;
			buildActionMask = 2147483647;
			files = (
				CFDD0DD61EB1C2ED004035E3 /* OpenSans-Light.ttf in Resources */,
				D57A2D2D1EB07E1C00AB65EB /* DemoCollectionViewCell.xib in Resources */,
				CFDD0DD71EB1C2ED004035E3 /* OpenSans-LightItalic.ttf in Resources */,
				CF9902761E8705880073DD28 /* LaunchScreen.storyboard in Resources */,
				CFDD0DD91EB1C2ED004035E3 /* OpenSans-Semibold.ttf in Resources */,
				CFDD0DDA1EB1C2ED004035E3 /* OpenSans-SemiboldItalic.ttf in Resources */,
				CFDD0DD11EB1C2ED004035E3 /* OpenSans-Bold.ttf in Resources */,
				CFDD0DE21EB1C2ED004035E3 /* Info.plist in Resources */,
				CF9902731E8705880073DD28 /* Assets.xcassets in Resources */,
				CFDD0DE41EB1C2ED004035E3 /* Info.plist in Resources */,
				CFDD0EAE1EB1D1D7004035E3 /* Podfile in Resources */,
				D57A2D311EB07E1C00AB65EB /* Assets.xcassets in Resources */,
				CFDD0DD21EB1C2ED004035E3 /* OpenSans-BoldItalic.ttf in Resources */,
				D57A2D341EB07E1C00AB65EB /* Info.plist in Resources */,
				CFDD0DD81EB1C2ED004035E3 /* OpenSans-Regular.ttf in Resources */,
				CF9902711E8705880073DD28 /* Main.storyboard in Resources */,
				CFDD0DD51EB1C2ED004035E3 /* OpenSans-Italic.ttf in Resources */,
				CFDD0DD41EB1C2ED004035E3 /* OpenSans-ExtraBoldItalic.ttf in Resources */,
				CFDD0DD31EB1C2ED004035E3 /* OpenSans-ExtraBold.ttf in Resources */,
				CFDD0DE11EB1C2ED004035E3 /* Info.plist in Resources */,
			);
			runOnlyForDeploymentPostprocessing = 0;
		};
		CF99027A1E8705880073DD28 /* Resources */ = {
			isa = PBXResourcesBuildPhase;
			buildActionMask = 2147483647;
			files = (
			);
			runOnlyForDeploymentPostprocessing = 0;
		};
		CF9902851E8705880073DD28 /* Resources */ = {
			isa = PBXResourcesBuildPhase;
			buildActionMask = 2147483647;
			files = (
			);
			runOnlyForDeploymentPostprocessing = 0;
		};
/* End PBXResourcesBuildPhase section */

/* Begin PBXShellScriptBuildPhase section */
		7129216CBF5CEAD1044FD945 /* [CP] Check Pods Manifest.lock */ = {
			isa = PBXShellScriptBuildPhase;
			buildActionMask = 2147483647;
			files = (
			);
			inputPaths = (
			);
			name = "[CP] Check Pods Manifest.lock";
			outputPaths = (
			);
			runOnlyForDeploymentPostprocessing = 0;
			shellPath = /bin/sh;
			shellScript = "diff \"${PODS_ROOT}/../Podfile.lock\" \"${PODS_ROOT}/Manifest.lock\" > /dev/null\nif [ $? != 0 ] ; then\n    # print error to STDERR\n    echo \"error: The sandbox is not in sync with the Podfile.lock. Run 'pod install' or update your CocoaPods installation.\" >&2\n    exit 1\nfi\n";
			showEnvVarsInLog = 0;
		};
		AB3CCAED68A0D641597D86C7 /* [CP] Copy Pods Resources */ = {
			isa = PBXShellScriptBuildPhase;
			buildActionMask = 2147483647;
			files = (
			);
			inputPaths = (
			);
			name = "[CP] Copy Pods Resources";
			outputPaths = (
			);
			runOnlyForDeploymentPostprocessing = 0;
			shellPath = /bin/sh;
			shellScript = "\"${SRCROOT}/Pods/Target Support Files/Pods-iTravel/Pods-iTravel-resources.sh\"\n";
			showEnvVarsInLog = 0;
		};
		EDABB436A2B5F148709B2A2F /* [CP] Embed Pods Frameworks */ = {
			isa = PBXShellScriptBuildPhase;
			buildActionMask = 2147483647;
			files = (
			);
			inputPaths = (
			);
			name = "[CP] Embed Pods Frameworks";
			outputPaths = (
			);
			runOnlyForDeploymentPostprocessing = 0;
			shellPath = /bin/sh;
			shellScript = "\"${SRCROOT}/Pods/Target Support Files/Pods-iTravel/Pods-iTravel-frameworks.sh\"\n";
			showEnvVarsInLog = 0;
		};
/* End PBXShellScriptBuildPhase section */

/* Begin PBXSourcesBuildPhase section */
		CF9902641E8705870073DD28 /* Sources */ = {
			isa = PBXSourcesBuildPhase;
			buildActionMask = 2147483647;
			files = (
				D57A2D211EB07E1C00AB65EB /* PageCollectionLayout.swift in Sources */,
				CF9902A01E9071530073DD28 /* SuggestionsViewController.swift in Sources */,
				CF99026E1E8705880073DD28 /* ViewController.swift in Sources */,
				D57A2D1E1EB07E1C00AB65EB /* StoryboardHelper.swift in Sources */,
				CFDD0DDB1EB1C2ED004035E3 /* MainTableViewController.swift in Sources */,
				D57A2D241EB07E1C00AB65EB /* SubviewsForEach.swift in Sources */,
				D57A2D271EB07E1C00AB65EB /* ConfigurationHelper.swift in Sources */,
				D57A2D281EB07E1C00AB65EB /* CornerAnimatable.swift in Sources */,
				D57A2D1B1EB07E1C00AB65EB /* AnimationBarButton.swift in Sources */,
				D57A2D291EB07E1C00AB65EB /* ExpandingTableViewController.swift in Sources */,
				D57A2D231EB07E1C00AB65EB /* ExpandingViewController.swift in Sources */,
				D57A2D1F1EB07E1C00AB65EB /* Images.swift in Sources */,
				D57A2D2C1EB07E1C00AB65EB /* DemoCollectionViewCell.swift in Sources */,
				CF9902A31E90934A0073DD28 /* SuggestionTableViewCell.swift in Sources */,
				D57A2D1C1EB07E1C00AB65EB /* Rotatable.swift in Sources */,
				D57A2D261EB07E1C00AB65EB /* ConstraintsHelper.swift in Sources */,
				D57A2D251EB07E1C00AB65EB /* ScreenShotHelper.swift in Sources */,
				CF99026C1E8705880073DD28 /* AppDelegate.swift in Sources */,
				D57A2D2A1EB07E1C00AB65EB /* TransitionDriver.swift in Sources */,
				CFDD0DDC1EB1C2ED004035E3 /* DemoCell.swift in Sources */,
				CFDD0DE31EB1C2ED004035E3 /* FoldingCellTests.swift in Sources */,
				D57A2D1D1EB07E1C00AB65EB /* CollectionViewHelper.swift in Sources */,
				D57A2D201EB07E1C00AB65EB /* BasePageCollectionCell.swift in Sources */,
				D57A2D2E1EB07E1C00AB65EB /* DemoViewController.swift in Sources */,
				D57A2D221EB07E1C00AB65EB /* PageCollectionView.swift in Sources */,
				CFDD0DD01EB1C2ED004035E3 /* FoldingCell.swift in Sources */,
			);
			runOnlyForDeploymentPostprocessing = 0;
		};
		CF9902781E8705880073DD28 /* Sources */ = {
			isa = PBXSourcesBuildPhase;
			buildActionMask = 2147483647;
			files = (
				CF9902811E8705880073DD28 /* iTravelTests.swift in Sources */,
			);
			runOnlyForDeploymentPostprocessing = 0;
		};
		CF9902831E8705880073DD28 /* Sources */ = {
			isa = PBXSourcesBuildPhase;
			buildActionMask = 2147483647;
			files = (
				CF99028C1E8705880073DD28 /* iTravelUITests.swift in Sources */,
			);
			runOnlyForDeploymentPostprocessing = 0;
		};
/* End PBXSourcesBuildPhase section */

/* Begin PBXTargetDependency section */
		CF99027E1E8705880073DD28 /* PBXTargetDependency */ = {
			isa = PBXTargetDependency;
			target = CF9902671E8705870073DD28 /* iTravel */;
			targetProxy = CF99027D1E8705880073DD28 /* PBXContainerItemProxy */;
		};
		CF9902891E8705880073DD28 /* PBXTargetDependency */ = {
			isa = PBXTargetDependency;
			target = CF9902671E8705870073DD28 /* iTravel */;
			targetProxy = CF9902881E8705880073DD28 /* PBXContainerItemProxy */;
		};
/* End PBXTargetDependency section */

/* Begin PBXVariantGroup section */
		CF99026F1E8705880073DD28 /* Main.storyboard */ = {
			isa = PBXVariantGroup;
			children = (
				CF9902701E8705880073DD28 /* Base */,
			);
			name = Main.storyboard;
			sourceTree = "<group>";
		};
		CF9902741E8705880073DD28 /* LaunchScreen.storyboard */ = {
			isa = PBXVariantGroup;
			children = (
				CF9902751E8705880073DD28 /* Base */,
			);
			name = LaunchScreen.storyboard;
			sourceTree = "<group>";
		};
/* End PBXVariantGroup section */

/* Begin XCBuildConfiguration section */
		CF99028E1E8705880073DD28 /* Debug */ = {
			isa = XCBuildConfiguration;
			buildSettings = {
				ALWAYS_SEARCH_USER_PATHS = NO;
				CLANG_ANALYZER_NONNULL = YES;
				CLANG_CXX_LANGUAGE_STANDARD = "gnu++0x";
				CLANG_CXX_LIBRARY = "libc++";
				CLANG_ENABLE_MODULES = YES;
				CLANG_ENABLE_OBJC_ARC = YES;
				CLANG_WARN_BOOL_CONVERSION = YES;
				CLANG_WARN_CONSTANT_CONVERSION = YES;
				CLANG_WARN_DIRECT_OBJC_ISA_USAGE = YES_ERROR;
				CLANG_WARN_DOCUMENTATION_COMMENTS = YES;
				CLANG_WARN_EMPTY_BODY = YES;
				CLANG_WARN_ENUM_CONVERSION = YES;
				CLANG_WARN_INFINITE_RECURSION = YES;
				CLANG_WARN_INT_CONVERSION = YES;
				CLANG_WARN_OBJC_ROOT_CLASS = YES_ERROR;
				CLANG_WARN_SUSPICIOUS_MOVE = YES;
				CLANG_WARN_UNREACHABLE_CODE = YES;
				CLANG_WARN__DUPLICATE_METHOD_MATCH = YES;
				"CODE_SIGN_IDENTITY[sdk=iphoneos*]" = "iPhone Developer";
				COPY_PHASE_STRIP = NO;
				DEBUG_INFORMATION_FORMAT = dwarf;
				ENABLE_STRICT_OBJC_MSGSEND = YES;
				ENABLE_TESTABILITY = YES;
				GCC_C_LANGUAGE_STANDARD = gnu99;
				GCC_DYNAMIC_NO_PIC = NO;
				GCC_NO_COMMON_BLOCKS = YES;
				GCC_OPTIMIZATION_LEVEL = 0;
				GCC_PREPROCESSOR_DEFINITIONS = (
					"DEBUG=1",
					"$(inherited)",
				);
				GCC_WARN_64_TO_32_BIT_CONVERSION = YES;
				GCC_WARN_ABOUT_RETURN_TYPE = YES_ERROR;
				GCC_WARN_UNDECLARED_SELECTOR = YES;
				GCC_WARN_UNINITIALIZED_AUTOS = YES_AGGRESSIVE;
				GCC_WARN_UNUSED_FUNCTION = YES;
				GCC_WARN_UNUSED_VARIABLE = YES;
				IPHONEOS_DEPLOYMENT_TARGET = 10.2;
				MTL_ENABLE_DEBUG_INFO = YES;
				ONLY_ACTIVE_ARCH = YES;
				SDKROOT = iphoneos;
				SWIFT_ACTIVE_COMPILATION_CONDITIONS = DEBUG;
				SWIFT_OPTIMIZATION_LEVEL = "-Onone";
				TARGETED_DEVICE_FAMILY = "1,2";
			};
			name = Debug;
		};
		CF99028F1E8705880073DD28 /* Release */ = {
			isa = XCBuildConfiguration;
			buildSettings = {
				ALWAYS_SEARCH_USER_PATHS = NO;
				CLANG_ANALYZER_NONNULL = YES;
				CLANG_CXX_LANGUAGE_STANDARD = "gnu++0x";
				CLANG_CXX_LIBRARY = "libc++";
				CLANG_ENABLE_MODULES = YES;
				CLANG_ENABLE_OBJC_ARC = YES;
				CLANG_WARN_BOOL_CONVERSION = YES;
				CLANG_WARN_CONSTANT_CONVERSION = YES;
				CLANG_WARN_DIRECT_OBJC_ISA_USAGE = YES_ERROR;
				CLANG_WARN_DOCUMENTATION_COMMENTS = YES;
				CLANG_WARN_EMPTY_BODY = YES;
				CLANG_WARN_ENUM_CONVERSION = YES;
				CLANG_WARN_INFINITE_RECURSION = YES;
				CLANG_WARN_INT_CONVERSION = YES;
				CLANG_WARN_OBJC_ROOT_CLASS = YES_ERROR;
				CLANG_WARN_SUSPICIOUS_MOVE = YES;
				CLANG_WARN_UNREACHABLE_CODE = YES;
				CLANG_WARN__DUPLICATE_METHOD_MATCH = YES;
				"CODE_SIGN_IDENTITY[sdk=iphoneos*]" = "iPhone Developer";
				COPY_PHASE_STRIP = NO;
				DEBUG_INFORMATION_FORMAT = "dwarf-with-dsym";
				ENABLE_NS_ASSERTIONS = NO;
				ENABLE_STRICT_OBJC_MSGSEND = YES;
				GCC_C_LANGUAGE_STANDARD = gnu99;
				GCC_NO_COMMON_BLOCKS = YES;
				GCC_WARN_64_TO_32_BIT_CONVERSION = YES;
				GCC_WARN_ABOUT_RETURN_TYPE = YES_ERROR;
				GCC_WARN_UNDECLARED_SELECTOR = YES;
				GCC_WARN_UNINITIALIZED_AUTOS = YES_AGGRESSIVE;
				GCC_WARN_UNUSED_FUNCTION = YES;
				GCC_WARN_UNUSED_VARIABLE = YES;
				IPHONEOS_DEPLOYMENT_TARGET = 10.2;
				MTL_ENABLE_DEBUG_INFO = NO;
				SDKROOT = iphoneos;
				SWIFT_OPTIMIZATION_LEVEL = "-Owholemodule";
				TARGETED_DEVICE_FAMILY = "1,2";
				VALIDATE_PRODUCT = YES;
			};
			name = Release;
		};
		CF9902911E8705880073DD28 /* Debug */ = {
			isa = XCBuildConfiguration;
			baseConfigurationReference = A397D7D798746E139B01A096 /* Pods-iTravel.debug.xcconfig */;
			buildSettings = {
				ASSETCATALOG_COMPILER_APPICON_NAME = AppIcon;
				DEVELOPMENT_TEAM = SVM4U327PW;
				FRAMEWORK_SEARCH_PATHS = (
					"$(inherited)",
					"$(PROJECT_DIR)/Pods/GoogleMaps/Base/Frameworks",
					"$(PROJECT_DIR)/Pods/GooglePlaces/Frameworks",
				);
				INFOPLIST_FILE = iTravel/Info.plist;
				IPHONEOS_DEPLOYMENT_TARGET = 9.2;
				LD_RUNPATH_SEARCH_PATHS = "$(inherited) @executable_path/Frameworks";
				PRODUCT_BUNDLE_IDENTIFIER = com.ios.iTravel;
				PRODUCT_NAME = "$(TARGET_NAME)";
				SDKROOT = iphoneos10.2;
				SWIFT_VERSION = 3.0;
			};
			name = Debug;
		};
		CF9902921E8705880073DD28 /* Release */ = {
			isa = XCBuildConfiguration;
			baseConfigurationReference = A579693BC8ED93E489DDD09F /* Pods-iTravel.release.xcconfig */;
			buildSettings = {
				ASSETCATALOG_COMPILER_APPICON_NAME = AppIcon;
				DEVELOPMENT_TEAM = SVM4U327PW;
				FRAMEWORK_SEARCH_PATHS = (
					"$(inherited)",
					"$(PROJECT_DIR)/Pods/GoogleMaps/Base/Frameworks",
					"$(PROJECT_DIR)/Pods/GooglePlaces/Frameworks",
				);
				INFOPLIST_FILE = iTravel/Info.plist;
				IPHONEOS_DEPLOYMENT_TARGET = 9.2;
				LD_RUNPATH_SEARCH_PATHS = "$(inherited) @executable_path/Frameworks";
				PRODUCT_BUNDLE_IDENTIFIER = com.ios.iTravel;
				PRODUCT_NAME = "$(TARGET_NAME)";
				SDKROOT = iphoneos10.2;
				SWIFT_VERSION = 3.0;
			};
			name = Release;
		};
		CF9902941E8705880073DD28 /* Debug */ = {
			isa = XCBuildConfiguration;
			buildSettings = {
				ALWAYS_EMBED_SWIFT_STANDARD_LIBRARIES = YES;
				BUNDLE_LOADER = "$(TEST_HOST)";
				INFOPLIST_FILE = iTravelTests/Info.plist;
				LD_RUNPATH_SEARCH_PATHS = "$(inherited) @executable_path/Frameworks @loader_path/Frameworks";
				PRODUCT_BUNDLE_IDENTIFIER = com.ios.iTravelTests;
				PRODUCT_NAME = "$(TARGET_NAME)";
				SWIFT_VERSION = 3.0;
				TEST_HOST = "$(BUILT_PRODUCTS_DIR)/iTravel.app/iTravel";
			};
			name = Debug;
		};
		CF9902951E8705880073DD28 /* Release */ = {
			isa = XCBuildConfiguration;
			buildSettings = {
				ALWAYS_EMBED_SWIFT_STANDARD_LIBRARIES = YES;
				BUNDLE_LOADER = "$(TEST_HOST)";
				INFOPLIST_FILE = iTravelTests/Info.plist;
				LD_RUNPATH_SEARCH_PATHS = "$(inherited) @executable_path/Frameworks @loader_path/Frameworks";
				PRODUCT_BUNDLE_IDENTIFIER = com.ios.iTravelTests;
				PRODUCT_NAME = "$(TARGET_NAME)";
				SWIFT_VERSION = 3.0;
				TEST_HOST = "$(BUILT_PRODUCTS_DIR)/iTravel.app/iTravel";
			};
			name = Release;
		};
		CF9902971E8705880073DD28 /* Debug */ = {
			isa = XCBuildConfiguration;
			buildSettings = {
				ALWAYS_EMBED_SWIFT_STANDARD_LIBRARIES = YES;
				INFOPLIST_FILE = iTravelUITests/Info.plist;
				LD_RUNPATH_SEARCH_PATHS = "$(inherited) @executable_path/Frameworks @loader_path/Frameworks";
				PRODUCT_BUNDLE_IDENTIFIER = com.ios.iTravelUITests;
				PRODUCT_NAME = "$(TARGET_NAME)";
				SWIFT_VERSION = 3.0;
				TEST_TARGET_NAME = iTravel;
			};
			name = Debug;
		};
		CF9902981E8705880073DD28 /* Release */ = {
			isa = XCBuildConfiguration;
			buildSettings = {
				ALWAYS_EMBED_SWIFT_STANDARD_LIBRARIES = YES;
				INFOPLIST_FILE = iTravelUITests/Info.plist;
				LD_RUNPATH_SEARCH_PATHS = "$(inherited) @executable_path/Frameworks @loader_path/Frameworks";
				PRODUCT_BUNDLE_IDENTIFIER = com.ios.iTravelUITests;
				PRODUCT_NAME = "$(TARGET_NAME)";
				SWIFT_VERSION = 3.0;
				TEST_TARGET_NAME = iTravel;
			};
			name = Release;
		};
/* End XCBuildConfiguration section */

/* Begin XCConfigurationList section */
		CF9902631E8705870073DD28 /* Build configuration list for PBXProject "iTravel" */ = {
			isa = XCConfigurationList;
			buildConfigurations = (
				CF99028E1E8705880073DD28 /* Debug */,
				CF99028F1E8705880073DD28 /* Release */,
			);
			defaultConfigurationIsVisible = 0;
			defaultConfigurationName = Release;
		};
		CF9902901E8705880073DD28 /* Build configuration list for PBXNativeTarget "iTravel" */ = {
			isa = XCConfigurationList;
			buildConfigurations = (
				CF9902911E8705880073DD28 /* Debug */,
				CF9902921E8705880073DD28 /* Release */,
			);
			defaultConfigurationIsVisible = 0;
			defaultConfigurationName = Release;
		};
		CF9902931E8705880073DD28 /* Build configuration list for PBXNativeTarget "iTravelTests" */ = {
			isa = XCConfigurationList;
			buildConfigurations = (
				CF9902941E8705880073DD28 /* Debug */,
				CF9902951E8705880073DD28 /* Release */,
			);
			defaultConfigurationIsVisible = 0;
			defaultConfigurationName = Release;
		};
		CF9902961E8705880073DD28 /* Build configuration list for PBXNativeTarget "iTravelUITests" */ = {
			isa = XCConfigurationList;
			buildConfigurations = (
				CF9902971E8705880073DD28 /* Debug */,
				CF9902981E8705880073DD28 /* Release */,
			);
			defaultConfigurationIsVisible = 0;
			defaultConfigurationName = Release;
		};
/* End XCConfigurationList section */
	};
	rootObject = CF9902601E8705870073DD28 /* Project object */;
}
